
Microsoft Visual Studio Solution File, Format Version 11.00
# Visual Studio 2010
Project("{FAE04EC0-301F-11D3-BF4B-00C04F79EFBC}") = "RTRS", "Assembly-CSharp.csproj", "{7B00E323-FB54-F2A4-A9A7-B4CD2A10D5F6}"
EndProject
Project("{FAE04EC0-301F-11D3-BF4B-00C04F79EFBC}") = "RTRS", "Assembly-CSharp-Editor.csproj", "{B723E63F-E764-706E-E578-44C75CE5671C}"
EndProject
Global
	GlobalSection(SolutionConfigurationPlatforms) = preSolution
		Debug|Any CPU = Debug|Any CPU
		Release|Any CPU = Release|Any CPU
	EndGlobalSection
	GlobalSection(ProjectConfigurationPlatforms) = postSolution
		{7B00E323-FB54-F2A4-A9A7-B4CD2A10D5F6}.Debug|Any CPU.ActiveCfg = Debug|Any CPU
		{7B00E323-FB54-F2A4-A9A7-B4CD2A10D5F6}.Debug|Any CPU.Build.0 = Debug|Any CPU
		{7B00E323-FB54-F2A4-A9A7-B4CD2A10D5F6}.Release|Any CPU.ActiveCfg = Release|Any CPU
		{7B00E323-FB54-F2A4-A9A7-B4CD2A10D5F6}.Release|Any CPU.Build.0 = Release|Any CPU
		{B723E63F-E764-706E-E578-44C75CE5671C}.Debug|Any CPU.ActiveCfg = Debug|Any CPU
		{B723E63F-E764-706E-E578-44C75CE5671C}.Debug|Any CPU.Build.0 = Debug|Any CPU
		{B723E63F-E764-706E-E578-44C75CE5671C}.Release|Any CPU.ActiveCfg = Release|Any CPU
		{B723E63F-E764-706E-E578-44C75CE5671C}.Release|Any CPU.Build.0 = Release|Any CPU
	EndGlobalSection
	GlobalSection(SolutionProperties) = preSolution
		HideSolutionNode = FALSE
	EndGlobalSection
	GlobalSection(MonoDevelopProperties) = preSolution
		StartupItem = Assembly-CSharp.csproj
	EndGlobalSection
EndGlobal
